
Microsoft Visual Studio Solution File, Format Version 12.00
# Visual Studio Version 17
VisualStudioVersion = 17.5.33530.505
MinimumVisualStudioVersion = 10.0.40219.1
Project("{9A19103F-16F7-4668-BE54-9A1E7A4F7556}") = "Wpf-Review01", "Wpf-Review01.csproj", "{7FC78339-BF98-4895-B31E-02A4F73DB42B}"
EndProject
Project("{9A19103F-16F7-4668-BE54-9A1E7A4F7556}") = "Wpf-Review02", "..\Wpf-Review02\Wpf-Review02.csproj", "{F3C5D637-9E89-4640-B827-2BE4A8AE2E88}"
EndProject
Project("{FAE04EC0-301F-11D3-BF4B-00C04F79EFBC}") = "Wpf-Review03", "..\Wpf-Review03\Wpf-Review03.csproj", "{8F441157-AF52-480F-94D7-39978988E0FA}"
EndProject
Global
	GlobalSection(SolutionConfigurationPlatforms) = preSolution
		Debug|Any CPU = Debug|Any CPU
		Release|Any CPU = Release|Any CPU
	EndGlobalSection
	GlobalSection(ProjectConfigurationPlatforms) = postSolution
		{7FC78339-BF98-4895-B31E-02A4F73DB42B}.Debug|Any CPU.ActiveCfg = Debug|Any CPU
		{7FC78339-BF98-4895-B31E-02A4F73DB42B}.Debug|Any CPU.Build.0 = Debug|Any CPU
		{7FC78339-BF98-4895-B31E-02A4F73DB42B}.Release|Any CPU.ActiveCfg = Release|Any CPU
		{7FC78339-BF98-4895-B31E-02A4F73DB42B}.Release|Any CPU.Build.0 = Release|Any CPU
		{F3C5D637-9E89-4640-B827-2BE4A8AE2E88}.Debug|Any CPU.ActiveCfg = Debug|Any CPU
		{F3C5D637-9E89-4640-B827-2BE4A8AE2E88}.Debug|Any CPU.Build.0 = Debug|Any CPU
		{F3C5D637-9E89-4640-B827-2BE4A8AE2E88}.Release|Any CPU.ActiveCfg = Release|Any CPU
		{F3C5D637-9E89-4640-B827-2BE4A8AE2E88}.Release|Any CPU.Build.0 = Release|Any CPU
		{8F441157-AF52-480F-94D7-39978988E0FA}.Debug|Any CPU.ActiveCfg = Debug|Any CPU
		{8F441157-AF52-480F-94D7-39978988E0FA}.Debug|Any CPU.Build.0 = Debug|Any CPU
		{8F441157-AF52-480F-94D7-39978988E0FA}.Release|Any CPU.ActiveCfg = Release|Any CPU
		{8F441157-AF52-480F-94D7-39978988E0FA}.Release|Any CPU.Build.0 = Release|Any CPU
	EndGlobalSection
	GlobalSection(SolutionProperties) = preSolution
		HideSolutionNode = FALSE
	EndGlobalSection
	GlobalSection(ExtensibilityGlobals) = postSolution
		SolutionGuid = {701C730C-EC26-4E49-A300-8B92973DBD85}
	EndGlobalSection
EndGlobal
